{
  "version": 4,
  "terraform_version": "1.12.2",
  "serial": 74,
  "lineage": "52f35a98-6623-970c-2ecd-5dc7abe99b91",
  "outputs": {},
  "resources": [
    {
      "mode": "data",
      "type": "archive_file",
      "name": "source_archive",
      "provider": "provider[\"registry.terraform.io/hashicorp/archive\"]",
      "instances": [
        {
          "schema_version": 0,
          "attributes": {
            "exclude_symlink_directories": null,
            "excludes": null,
            "id": "c87b07313a9aa6c66bcf440928e53a72c0218f0a",
            "output_base64sha256": "NnZ8K9FFQuDhy+T1QwduskCzajptI7u+aSFK2cb519s=",
            "output_base64sha512": "KTfOMUoMH7ft/vGHewIb2Rg12azNxCZt9k1cBLdNDxtv3SvgsqYv2jELqOL7/X24obgMKzTV0pPZ0ezqVJj7oQ==",
            "output_file_mode": null,
            "output_md5": "e48fc0aa1c1108e7e0bd715d8ec28b06",
            "output_path": "/tmp/fetcher.zip",
            "output_sha": "c87b07313a9aa6c66bcf440928e53a72c0218f0a",
            "output_sha256": "36767c2bd14542e0e1cbe4f543076eb240b36a3a6d23bbbe69214ad9c6f9d7db",
            "output_sha512": "2937ce314a0c1fb7edfef1877b021bd91835d9accdc4266df64d5c04b74d0f1b6fdd2be0b2a62fda310ba8e2fbfd7db8a1b80c2b34d5d293d9d1ecea5498fba1",
            "output_size": 1761,
            "source": [],
            "source_content": null,
            "source_content_filename": null,
            "source_dir": "../../../functions/fetcher",
            "source_file": null,
            "type": "zip"
          },
          "sensitive_attributes": [],
          "identity_schema_version": 0
        }
      ]
    },
    {
      "mode": "data",
      "type": "google_project",
      "name": "project",
      "provider": "provider[\"registry.terraform.io/hashicorp/google\"]",
      "instances": [
        {
          "schema_version": 0,
          "attributes": {
            "auto_create_network": null,
            "billing_account": "015C49-2A006C-6CFF81",
            "deletion_policy": "PREVENT",
            "effective_labels": {},
            "folder_id": "",
            "id": "projects/proj-tldv-knowledge",
            "labels": {},
            "name": "tldv-knowledge-platform",
            "number": "280779752490",
            "org_id": "61668666",
            "project_id": "proj-tldv-knowledge",
            "tags": null,
            "terraform_labels": {}
          },
          "sensitive_attributes": [],
          "identity_schema_version": 0
        }
      ]
    },
    {
      "mode": "managed",
      "type": "google_bigquery_dataset",
      "name": "knowledge_ds",
      "provider": "provider[\"registry.terraform.io/hashicorp/google\"]",
      "instances": [
        {
          "schema_version": 0,
          "attributes": {
            "access": [
              {
                "condition": [],
                "dataset": [],
                "domain": "",
                "group_by_email": "",
                "iam_member": "",
                "role": "OWNER",
                "routine": [],
                "special_group": "",
                "user_by_email": "t.hayashi@rasa-jp.co.jp",
                "view": []
              },
              {
                "condition": [],
                "dataset": [],
                "domain": "",
                "group_by_email": "",
                "iam_member": "",
                "role": "OWNER",
                "routine": [],
                "special_group": "projectOwners",
                "user_by_email": "",
                "view": []
              },
              {
                "condition": [],
                "dataset": [],
                "domain": "",
                "group_by_email": "",
                "iam_member": "",
                "role": "READER",
                "routine": [],
                "special_group": "projectReaders",
                "user_by_email": "",
                "view": []
              },
              {
                "condition": [],
                "dataset": [],
                "domain": "",
                "group_by_email": "",
                "iam_member": "",
                "role": "WRITER",
                "routine": [],
                "special_group": "projectWriters",
                "user_by_email": "",
                "view": []
              }
            ],
            "creation_time": 1751255406718,
            "dataset_id": "knowledge_ds",
            "default_collation": "",
            "default_encryption_configuration": [],
            "default_partition_expiration_ms": 0,
            "default_table_expiration_ms": 0,
            "delete_contents_on_destroy": false,
            "description": "",
            "effective_labels": {
              "goog-terraform-provisioned": "true"
            },
            "etag": "zG8Y1VD3drMUVa0MRJyiww==",
            "external_catalog_dataset_options": [],
            "external_dataset_reference": [],
            "friendly_name": "",
            "id": "projects/proj-tldv-knowledge/datasets/knowledge_ds",
            "is_case_insensitive": false,
            "labels": {},
            "last_modified_time": 1751255406718,
            "location": "asia-northeast1",
            "max_time_travel_hours": "168",
            "project": "proj-tldv-knowledge",
            "resource_tags": {},
            "self_link": "https://bigquery.googleapis.com/bigquery/v2/projects/proj-tldv-knowledge/datasets/knowledge_ds",
            "storage_billing_model": "",
            "terraform_labels": {
              "goog-terraform-provisioned": "true"
            },
            "timeouts": null
          },
          "sensitive_attributes": [],
          "identity_schema_version": 0,
          "private": "eyJlMmJmYjczMC1lY2FhLTExZTYtOGY4OC0zNDM2M2JjN2M0YzAiOnsiY3JlYXRlIjoxMjAwMDAwMDAwMDAwLCJkZWxldGUiOjEyMDAwMDAwMDAwMDAsInVwZGF0ZSI6MTIwMDAwMDAwMDAwMH19"
        }
      ]
    },
    {
      "mode": "managed",
      "type": "google_bigquery_table",
      "name": "highlights",
      "provider": "provider[\"registry.terraform.io/hashicorp/google\"]",
      "instances": [
        {
          "schema_version": 0,
          "attributes": {
            "biglake_configuration": [],
            "clustering": null,
            "creation_time": 1753423763698,
            "dataset_id": "knowledge_ds",
            "deletion_protection": true,
            "description": "",
            "effective_labels": {
              "goog-terraform-provisioned": "true"
            },
            "encryption_configuration": [],
            "etag": "cnJ6z4obs6ofPZUr7WCZcA==",
            "expiration_time": 0,
            "external_catalog_table_options": [],
            "external_data_configuration": [],
            "friendly_name": "",
            "id": "projects/proj-tldv-knowledge/datasets/knowledge_ds/tables/highlights",
            "labels": {},
            "last_modified_time": 1754276053367,
            "location": "asia-northeast1",
            "materialized_view": [],
            "max_staleness": "",
            "num_bytes": 0,
            "num_long_term_bytes": 0,
            "num_rows": 0,
            "project": "proj-tldv-knowledge",
            "range_partitioning": [],
            "require_partition_filter": false,
            "resource_tags": {},
            "schema": "[{\"mode\":\"REQUIRED\",\"name\":\"meeting_id\",\"type\":\"STRING\"},{\"name\":\"timestamp\",\"type\":\"TIMESTAMP\"},{\"name\":\"link\",\"type\":\"STRING\"},{\"name\":\"note\",\"type\":\"STRING\"},{\"defaultValueExpression\":\"CURRENT_TIMESTAMP()\",\"name\":\"inserted_at\",\"type\":\"TIMESTAMP\"}]",
            "schema_foreign_type_info": [],
            "self_link": "https://bigquery.googleapis.com/bigquery/v2/projects/proj-tldv-knowledge/datasets/knowledge_ds/tables/highlights",
            "table_constraints": [],
            "table_id": "highlights",
            "table_metadata_view": null,
            "table_replication_info": [],
            "terraform_labels": {},
            "time_partitioning": [],
            "type": "TABLE",
            "view": []
          },
          "sensitive_attributes": [],
          "identity_schema_version": 0,
          "private": "eyJzY2hlbWFfdmVyc2lvbiI6IjAifQ==",
          "dependencies": [
            "google_bigquery_dataset.knowledge_ds"
          ]
        }
      ]
    },
    {
      "mode": "managed",
      "type": "google_bigquery_table",
      "name": "meetings",
      "provider": "provider[\"registry.terraform.io/hashicorp/google\"]",
      "instances": [
        {
          "schema_version": 0,
          "attributes": {
            "biglake_configuration": [],
            "clustering": null,
            "creation_time": 1754276521935,
            "dataset_id": "knowledge_ds",
            "deletion_protection": true,
            "description": "",
            "effective_labels": {},
            "encryption_configuration": [],
            "etag": "ebvxBMfVHdohpPOub2O1qw==",
            "expiration_time": 0,
            "external_catalog_table_options": [],
            "external_data_configuration": [],
            "friendly_name": "",
            "id": "projects/proj-tldv-knowledge/datasets/knowledge_ds/tables/meetings",
            "labels": {},
            "last_modified_time": 1754276521985,
            "location": "asia-northeast1",
            "materialized_view": [],
            "max_staleness": "",
            "num_bytes": 0,
            "num_long_term_bytes": 0,
            "num_rows": 0,
            "project": "proj-tldv-knowledge",
            "range_partitioning": [],
            "require_partition_filter": false,
            "resource_tags": {},
            "schema": "[{\"mode\":\"REQUIRED\",\"name\":\"meeting_id\",\"type\":\"STRING\"},{\"name\":\"title\",\"type\":\"STRING\"},{\"name\":\"conference_id\",\"type\":\"STRING\"},{\"name\":\"thumbnail_link\",\"type\":\"STRING\"},{\"name\":\"recorded_at\",\"type\":\"TIMESTAMP\"},{\"name\":\"recording_link\",\"type\":\"STRING\"},{\"name\":\"meeting_type\",\"type\":\"STRING\"},{\"name\":\"notes_without_timestamps\",\"type\":\"STRING\"},{\"name\":\"owner\",\"type\":\"STRING\"},{\"name\":\"participants\",\"type\":\"STRING\"},{\"defaultValueExpression\":\"CURRENT_TIMESTAMP()\",\"name\":\"inserted_at\",\"type\":\"TIMESTAMP\"}]",
            "schema_foreign_type_info": [],
            "self_link": "https://bigquery.googleapis.com/bigquery/v2/projects/proj-tldv-knowledge/datasets/knowledge_ds/tables/meetings",
            "table_constraints": [],
            "table_id": "meetings",
            "table_metadata_view": null,
            "table_replication_info": [],
            "terraform_labels": {},
            "time_partitioning": [],
            "type": "TABLE",
            "view": []
          },
          "sensitive_attributes": [],
          "identity_schema_version": 0,
          "private": "eyJzY2hlbWFfdmVyc2lvbiI6IjAifQ==",
          "dependencies": [
            "google_bigquery_dataset.knowledge_ds"
          ]
        }
      ]
    },
    {
      "mode": "managed",
      "type": "google_bigquery_table",
      "name": "transcripts",
      "provider": "provider[\"registry.terraform.io/hashicorp/google\"]",
      "instances": [
        {
          "schema_version": 0,
          "attributes": {
            "biglake_configuration": [],
            "clustering": null,
            "creation_time": 1753423763712,
            "dataset_id": "knowledge_ds",
            "deletion_protection": true,
            "description": "",
            "effective_labels": {
              "goog-terraform-provisioned": "true"
            },
            "encryption_configuration": [],
            "etag": "Wl97DAhJzhgTcJEYEk5i4Q==",
            "expiration_time": 0,
            "external_catalog_table_options": [],
            "external_data_configuration": [],
            "friendly_name": "",
            "id": "projects/proj-tldv-knowledge/datasets/knowledge_ds/tables/transcripts",
            "labels": {},
            "last_modified_time": 1753423763766,
            "location": "asia-northeast1",
            "materialized_view": [],
            "max_staleness": "",
            "num_bytes": 0,
            "num_long_term_bytes": 0,
            "num_rows": 0,
            "project": "proj-tldv-knowledge",
            "range_partitioning": [],
            "require_partition_filter": false,
            "resource_tags": {},
            "schema": "[{\"mode\":\"NULLABLE\",\"name\":\"meeting_id\",\"type\":\"STRING\"},{\"mode\":\"NULLABLE\",\"name\":\"text\",\"type\":\"STRING\"},{\"mode\":\"NULLABLE\",\"name\":\"start_time\",\"type\":\"FLOAT\"},{\"mode\":\"NULLABLE\",\"name\":\"end_time\",\"type\":\"FLOAT\"},{\"mode\":\"NULLABLE\",\"name\":\"speaker_name\",\"type\":\"STRING\"},{\"mode\":\"NULLABLE\",\"name\":\"turn_index\",\"type\":\"INTEGER\"},{\"defaultValueExpression\":\"CURRENT_TIMESTAMP()\",\"mode\":\"NULLABLE\",\"name\":\"inserted_at\",\"type\":\"TIMESTAMP\"}]",
            "schema_foreign_type_info": [],
            "self_link": "https://bigquery.googleapis.com/bigquery/v2/projects/proj-tldv-knowledge/datasets/knowledge_ds/tables/transcripts",
            "table_constraints": [],
            "table_id": "transcripts",
            "table_metadata_view": null,
            "table_replication_info": [],
            "terraform_labels": {
              "goog-terraform-provisioned": "true"
            },
            "time_partitioning": [
              {
                "expiration_ms": 0,
                "field": "inserted_at",
                "require_partition_filter": false,
                "type": "DAY"
              }
            ],
            "type": "TABLE",
            "view": []
          },
          "sensitive_attributes": [],
          "identity_schema_version": 0,
          "private": "bnVsbA==",
          "dependencies": [
            "google_bigquery_dataset.knowledge_ds"
          ]
        }
      ]
    },
    {
      "mode": "managed",
      "type": "google_bigquery_table",
      "name": "zapier_transcripts",
      "provider": "provider[\"registry.terraform.io/hashicorp/google\"]",
      "instances": [
        {
          "schema_version": 0,
          "attributes": {
            "biglake_configuration": [],
            "clustering": null,
            "creation_time": 1754277484888,
            "dataset_id": "knowledge_ds",
            "deletion_protection": true,
            "description": "",
            "effective_labels": {},
            "encryption_configuration": [],
            "etag": "lgwEKMkzejRvhOoi+RUrow==",
            "expiration_time": 0,
            "external_catalog_table_options": [],
            "external_data_configuration": [],
            "friendly_name": "",
            "id": "projects/proj-tldv-knowledge/datasets/knowledge_ds/tables/zapier_transcripts",
            "labels": {},
            "last_modified_time": 1754277484948,
            "location": "asia-northeast1",
            "materialized_view": [],
            "max_staleness": "",
            "num_bytes": 0,
            "num_long_term_bytes": 0,
            "num_rows": 0,
            "project": "proj-tldv-knowledge",
            "range_partitioning": [],
            "require_partition_filter": false,
            "resource_tags": {},
            "schema": "[{\"mode\":\"REQUIRED\",\"name\":\"meeting_id\",\"type\":\"STRING\"},{\"name\":\"meeting_name\",\"type\":\"STRING\"},{\"name\":\"meeting_recording_link\",\"type\":\"STRING\"},{\"name\":\"transcript_plain_text\",\"type\":\"STRING\"},{\"name\":\"transcript_markdown\",\"type\":\"STRING\"},{\"defaultValueExpression\":\"CURRENT_TIMESTAMP()\",\"name\":\"inserted_at\",\"type\":\"TIMESTAMP\"}]",
            "schema_foreign_type_info": [],
            "self_link": "https://bigquery.googleapis.com/bigquery/v2/projects/proj-tldv-knowledge/datasets/knowledge_ds/tables/zapier_transcripts",
            "table_constraints": [],
            "table_id": "zapier_transcripts",
            "table_metadata_view": null,
            "table_replication_info": [],
            "terraform_labels": {},
            "time_partitioning": [],
            "type": "TABLE",
            "view": []
          },
          "sensitive_attributes": [],
          "identity_schema_version": 0,
          "private": "eyJzY2hlbWFfdmVyc2lvbiI6IjAifQ=="
        }
      ]
    },
    {
      "mode": "managed",
      "type": "google_cloud_run_service_iam_member",
      "name": "fetcher_invoker",
      "provider": "provider[\"registry.terraform.io/hashicorp/google\"]",
      "instances": [
        {
          "schema_version": 0,
          "attributes": {
            "condition": [],
            "etag": "BwY6ujCtx7U=",
            "id": "v1/projects/proj-tldv-knowledge/locations/asia-northeast1/services/fetcher/roles/run.invoker/serviceAccount:sa-tldv-functions@proj-tldv-knowledge.iam.gserviceaccount.com",
            "location": "asia-northeast1",
            "member": "serviceAccount:sa-tldv-functions@proj-tldv-knowledge.iam.gserviceaccount.com",
            "project": "proj-tldv-knowledge",
            "role": "roles/run.invoker",
            "service": "v1/projects/proj-tldv-knowledge/locations/asia-northeast1/services/fetcher"
          },
          "sensitive_attributes": [],
          "identity_schema_version": 0,
          "private": "bnVsbA==",
          "dependencies": [
            "data.archive_file.source_archive",
            "google_cloudfunctions2_function.fetcher",
            "google_pubsub_topic.main_topic",
            "google_service_account.functions_sa",
            "google_storage_bucket.source_bucket",
            "google_storage_bucket_object.source_archive"
          ]
        }
      ]
    },
    {
      "mode": "managed",
      "type": "google_cloud_run_service_iam_member",
      "name": "mcp_server_invoker",
      "provider": "provider[\"registry.terraform.io/hashicorp/google\"]",
      "instances": [
        {
          "schema_version": 0,
          "attributes": {
            "condition": [],
            "etag": "BwY64CEMia4=",
            "id": "v1/projects/proj-tldv-knowledge/locations/asia-northeast1/services/mcp-server/roles/run.invoker/user:t.hayashi@rasa-jp.co.jp",
            "location": "asia-northeast1",
            "member": "user:t.hayashi@rasa-jp.co.jp",
            "project": "proj-tldv-knowledge",
            "role": "roles/run.invoker",
            "service": "v1/projects/proj-tldv-knowledge/locations/asia-northeast1/services/mcp-server"
          },
          "sensitive_attributes": [],
          "identity_schema_version": 0,
          "private": "bnVsbA==",
          "dependencies": [
            "data.google_project.project",
            "google_cloud_run_v2_service.mcp_server",
            "google_secret_manager_secret.tldv_api_key",
            "google_service_account.functions_sa"
          ]
        }
      ]
    },
    {
      "mode": "managed",
      "type": "google_cloud_run_v2_service",
      "name": "mcp_server",
      "provider": "provider[\"registry.terraform.io/hashicorp/google\"]",
      "instances": [
        {
          "schema_version": 0,
          "attributes": {
            "annotations": {},
            "binary_authorization": [],
            "build_config": [],
            "client": "",
            "client_version": "",
            "conditions": [
              {
                "execution_reason": "",
                "last_transition_time": "2025-07-28T02:20:22.423079Z",
                "message": "",
                "reason": "",
                "revision_reason": "",
                "severity": "",
                "state": "CONDITION_SUCCEEDED",
                "type": "RoutesReady"
              },
              {
                "execution_reason": "",
                "last_transition_time": "2025-07-28T02:20:21.205713Z",
                "message": "",
                "reason": "",
                "revision_reason": "",
                "severity": "",
                "state": "CONDITION_SUCCEEDED",
                "type": "ConfigurationsReady"
              }
            ],
            "create_time": "2025-07-27T02:42:29.604964Z",
            "creator": "t.hayashi@rasa-jp.co.jp",
            "custom_audiences": [],
            "delete_time": "",
            "deletion_protection": false,
            "description": "",
            "effective_annotations": {},
            "effective_labels": {
              "goog-terraform-provisioned": "true"
            },
            "etag": "\"CNq8m8QGEMD68vQC/cHJvamVjdHMvcHJvai10bGR2LWtub3dsZWRnZS9sb2NhdGlvbnMvYXNpYS1ub3J0aGVhc3QxL3NlcnZpY2VzL21jcC1zZXJ2ZXI\"",
            "expire_time": "",
            "generation": "2",
            "id": "projects/proj-tldv-knowledge/locations/asia-northeast1/services/mcp-server",
            "ingress": "INGRESS_TRAFFIC_ALL",
            "invoker_iam_disabled": false,
            "labels": {},
            "last_modifier": "t.hayashi@rasa-jp.co.jp",
            "latest_created_revision": "projects/proj-tldv-knowledge/locations/asia-northeast1/services/mcp-server/revisions/mcp-server-00002-8cd",
            "latest_ready_revision": "projects/proj-tldv-knowledge/locations/asia-northeast1/services/mcp-server/revisions/mcp-server-00002-8cd",
            "launch_stage": "GA",
            "location": "asia-northeast1",
            "name": "mcp-server",
            "observed_generation": "2",
            "project": "proj-tldv-knowledge",
            "reconciling": false,
            "scaling": [],
            "template": [
              {
                "annotations": {},
                "containers": [
                  {
                    "args": [],
                    "base_image_uri": "",
                    "build_info": [],
                    "command": [],
                    "depends_on": [],
                    "env": [
                      {
                        "name": "TLDV_API_KEY",
                        "value": "",
                        "value_source": [
                          {
                            "secret_key_ref": [
                              {
                                "secret": "tldv_api_key",
                                "version": "latest"
                              }
                            ]
                          }
                        ]
                      }
                    ],
                    "image": "gcr.io/proj-tldv-knowledge/mcp-server:latest",
                    "liveness_probe": [],
                    "name": "",
                    "ports": [
                      {
                        "container_port": 8080,
                        "name": "http1"
                      }
                    ],
                    "resources": [
                      {
                        "cpu_idle": true,
                        "limits": {
                          "cpu": "1000m",
                          "memory": "512Mi"
                        },
                        "startup_cpu_boost": false
                      }
                    ],
                    "startup_probe": [
                      {
                        "failure_threshold": 1,
                        "grpc": [],
                        "http_get": [],
                        "initial_delay_seconds": 0,
                        "period_seconds": 240,
                        "tcp_socket": [
                          {
                            "port": 8080
                          }
                        ],
                        "timeout_seconds": 240
                      }
                    ],
                    "volume_mounts": [],
                    "working_dir": ""
                  }
                ],
                "encryption_key": "",
                "execution_environment": "",
                "gpu_zonal_redundancy_disabled": false,
                "labels": {},
                "max_instance_request_concurrency": 80,
                "node_selector": [],
                "revision": "",
                "scaling": [
                  {
                    "max_instance_count": 20,
                    "min_instance_count": 0
                  }
                ],
                "service_account": "sa-tldv-functions@proj-tldv-knowledge.iam.gserviceaccount.com",
                "session_affinity": false,
                "timeout": "300s",
                "volumes": [],
                "vpc_access": []
              }
            ],
            "terminal_condition": [
              {
                "execution_reason": "",
                "last_transition_time": "2025-07-28T02:20:22.451223Z",
                "message": "",
                "reason": "",
                "revision_reason": "",
                "severity": "",
                "state": "CONDITION_SUCCEEDED",
                "type": "Ready"
              }
            ],
            "terraform_labels": {
              "goog-terraform-provisioned": "true"
            },
            "timeouts": null,
            "traffic": [
              {
                "percent": 100,
                "revision": "",
                "tag": "",
                "type": "TRAFFIC_TARGET_ALLOCATION_TYPE_LATEST"
              }
            ],
            "traffic_statuses": [
              {
                "percent": 100,
                "revision": "",
                "tag": "",
                "type": "TRAFFIC_TARGET_ALLOCATION_TYPE_LATEST",
                "uri": ""
              }
            ],
            "uid": "5db6497b-377f-4cd4-9105-6ca9a9e7da0d",
            "update_time": "2025-07-28T02:20:10.782024Z",
            "uri": "https://mcp-server-t3jfcnkkyq-an.a.run.app",
            "urls": [
              "https://mcp-server-280779752490.asia-northeast1.run.app",
              "https://mcp-server-t3jfcnkkyq-an.a.run.app"
            ]
          },
          "sensitive_attributes": [],
          "identity_schema_version": 0,
          "private": "eyJlMmJmYjczMC1lY2FhLTExZTYtOGY4OC0zNDM2M2JjN2M0YzAiOnsiY3JlYXRlIjoxMjAwMDAwMDAwMDAwLCJkZWxldGUiOjEyMDAwMDAwMDAwMDAsInVwZGF0ZSI6MTIwMDAwMDAwMDAwMH19",
          "dependencies": [
            "data.google_project.project",
            "google_secret_manager_secret.tldv_api_key",
            "google_service_account.functions_sa"
          ]
        }
      ]
    },
    {
      "mode": "managed",
      "type": "google_cloudfunctions2_function",
      "name": "fetcher",
      "provider": "provider[\"registry.terraform.io/hashicorp/google\"]",
      "instances": [
        {
          "schema_version": 0,
          "attributes": {
            "build_config": [
              {
                "automatic_update_policy": [
                  {}
                ],
                "build": "projects/280779752490/locations/asia-northeast1/builds/0056b197-2afc-4ece-a413-e078ecdee2d9",
                "docker_repository": "projects/proj-tldv-knowledge/locations/asia-northeast1/repositories/gcf-artifacts",
                "entry_point": "main",
                "environment_variables": {},
                "on_deploy_update_policy": [],
                "runtime": "python312",
                "service_account": "projects/proj-tldv-knowledge/serviceAccounts/280779752490-compute@developer.gserviceaccount.com",
                "source": [
                  {
                    "repo_source": [],
                    "storage_source": [
                      {
                        "bucket": "source-bucket-for-fetcher",
                        "generation": 1753417562137590,
                        "object": "fetcher.zip"
                      }
                    ]
                  }
                ],
                "worker_pool": ""
              }
            ],
            "description": "",
            "effective_labels": {
              "goog-terraform-provisioned": "true"
            },
            "environment": "GEN_2",
            "event_trigger": [
              {
                "event_filters": [],
                "event_type": "google.cloud.pubsub.topic.v1.messagePublished",
                "pubsub_topic": "projects/proj-tldv-knowledge/topics/tldv.meeting-events",
                "retry_policy": "RETRY_POLICY_RETRY",
                "service_account_email": "sa-tldv-functions@proj-tldv-knowledge.iam.gserviceaccount.com",
                "trigger": "projects/proj-tldv-knowledge/locations/asia-northeast1/triggers/fetcher-130087",
                "trigger_region": "asia-northeast1"
              }
            ],
            "id": "projects/proj-tldv-knowledge/locations/asia-northeast1/functions/fetcher",
            "kms_key_name": "",
            "labels": {},
            "location": "asia-northeast1",
            "name": "fetcher",
            "project": "proj-tldv-knowledge",
            "service_config": [
              {
                "all_traffic_on_latest_revision": true,
                "available_cpu": "0.1666",
                "available_memory": "256Mi",
                "binary_authorization_policy": "",
                "environment_variables": {
                  "LOG_EXECUTION_ID": "true",
                  "TLDV_API_KEY": "bd00582b-76d9-457d-9624-f55e798e0afd"
                },
                "gcf_uri": "",
                "ingress_settings": "ALLOW_ALL",
                "max_instance_count": 1,
                "max_instance_request_concurrency": 1,
                "min_instance_count": 0,
                "secret_environment_variables": [],
                "secret_volumes": [],
                "service": "projects/proj-tldv-knowledge/locations/asia-northeast1/services/fetcher",
                "service_account_email": "sa-tldv-functions@proj-tldv-knowledge.iam.gserviceaccount.com",
                "timeout_seconds": 60,
                "uri": "https://fetcher-t3jfcnkkyq-an.a.run.app",
                "vpc_connector": "",
                "vpc_connector_egress_settings": ""
              }
            ],
            "state": "ACTIVE",
            "terraform_labels": {
              "goog-terraform-provisioned": "true"
            },
            "timeouts": null,
            "update_time": "2025-07-25T05:26:43.663883776Z",
            "url": "https://asia-northeast1-proj-tldv-knowledge.cloudfunctions.net/fetcher"
          },
          "sensitive_attributes": [],
          "identity_schema_version": 0,
          "private": "eyJlMmJmYjczMC1lY2FhLTExZTYtOGY4OC0zNDM2M2JjN2M0YzAiOnsiY3JlYXRlIjozNjAwMDAwMDAwMDAwLCJkZWxldGUiOjM2MDAwMDAwMDAwMDAsInVwZGF0ZSI6MzYwMDAwMDAwMDAwMH19",
          "dependencies": [
            "data.archive_file.source_archive",
            "google_pubsub_topic.main_topic",
            "google_service_account.functions_sa",
            "google_storage_bucket.source_bucket",
            "google_storage_bucket_object.source_archive"
          ]
        }
      ]
    },
    {
      "mode": "managed",
      "type": "google_project_iam_member",
      "name": "eventarc_event_receiver",
      "provider": "provider[\"registry.terraform.io/hashicorp/google\"]",
      "instances": [
        {
          "schema_version": 0,
          "attributes": {
            "condition": [],
            "etag": "BwY6uzqRFb0=",
            "id": "proj-tldv-knowledge/roles/eventarc.eventReceiver/serviceAccount:sa-tldv-functions@proj-tldv-knowledge.iam.gserviceaccount.com",
            "member": "serviceAccount:sa-tldv-functions@proj-tldv-knowledge.iam.gserviceaccount.com",
            "project": "proj-tldv-knowledge",
            "role": "roles/eventarc.eventReceiver"
          },
          "sensitive_attributes": [],
          "identity_schema_version": 0,
          "private": "bnVsbA==",
          "dependencies": [
            "data.google_project.project",
            "google_service_account.functions_sa"
          ]
        }
      ]
    },
    {
      "mode": "managed",
      "type": "google_project_iam_member",
      "name": "pubsub_token_creator",
      "provider": "provider[\"registry.terraform.io/hashicorp/google\"]",
      "instances": [
        {
          "schema_version": 0,
          "attributes": {
            "condition": [],
            "etag": "BwY6uzqRFb0=",
            "id": "proj-tldv-knowledge/roles/iam.serviceAccountTokenCreator/serviceAccount:service-280779752490@gcp-sa-pubsub.iam.gserviceaccount.com",
            "member": "serviceAccount:service-280779752490@gcp-sa-pubsub.iam.gserviceaccount.com",
            "project": "proj-tldv-knowledge",
            "role": "roles/iam.serviceAccountTokenCreator"
          },
          "sensitive_attributes": [],
          "identity_schema_version": 0,
          "private": "bnVsbA==",
          "dependencies": [
            "data.google_project.project"
          ]
        }
      ]
    },
    {
      "mode": "managed",
      "type": "google_pubsub_topic",
      "name": "dlq",
      "provider": "provider[\"registry.terraform.io/hashicorp/google\"]",
      "instances": [
        {
          "schema_version": 0,
          "attributes": {
            "effective_labels": {
              "goog-terraform-provisioned": "true"
            },
            "id": "projects/proj-tldv-knowledge/topics/tldv.dlq",
            "ingestion_data_source_settings": [],
            "kms_key_name": "",
            "labels": {},
            "message_retention_duration": "",
            "message_storage_policy": [],
            "message_transforms": [],
            "name": "tldv.dlq",
            "project": "proj-tldv-knowledge",
            "schema_settings": [],
            "terraform_labels": {
              "goog-terraform-provisioned": "true"
            },
            "timeouts": null
          },
          "sensitive_attributes": [],
          "identity_schema_version": 0,
          "private": "eyJlMmJmYjczMC1lY2FhLTExZTYtOGY4OC0zNDM2M2JjN2M0YzAiOnsiY3JlYXRlIjoxMjAwMDAwMDAwMDAwLCJkZWxldGUiOjEyMDAwMDAwMDAwMDAsInVwZGF0ZSI6MTIwMDAwMDAwMDAwMH19"
        }
      ]
    },
    {
      "mode": "managed",
      "type": "google_pubsub_topic",
      "name": "main_topic",
      "provider": "provider[\"registry.terraform.io/hashicorp/google\"]",
      "instances": [
        {
          "schema_version": 0,
          "attributes": {
            "effective_labels": {
              "goog-terraform-provisioned": "true"
            },
            "id": "projects/proj-tldv-knowledge/topics/tldv.meeting-events",
            "ingestion_data_source_settings": [],
            "kms_key_name": "",
            "labels": {},
            "message_retention_duration": "",
            "message_storage_policy": [],
            "message_transforms": [],
            "name": "tldv.meeting-events",
            "project": "proj-tldv-knowledge",
            "schema_settings": [],
            "terraform_labels": {
              "goog-terraform-provisioned": "true"
            },
            "timeouts": null
          },
          "sensitive_attributes": [],
          "identity_schema_version": 0,
          "private": "eyJlMmJmYjczMC1lY2FhLTExZTYtOGY4OC0zNDM2M2JjN2M0YzAiOnsiY3JlYXRlIjoxMjAwMDAwMDAwMDAwLCJkZWxldGUiOjEyMDAwMDAwMDAwMDAsInVwZGF0ZSI6MTIwMDAwMDAwMDAwMH19"
        }
      ]
    },
    {
      "mode": "managed",
      "type": "google_secret_manager_secret",
      "name": "tldv_api_key",
      "provider": "provider[\"registry.terraform.io/hashicorp/google\"]",
      "instances": [
        {
          "schema_version": 0,
          "attributes": {
            "annotations": {},
            "create_time": "2025-06-30T03:50:06.447896Z",
            "effective_annotations": {},
            "effective_labels": {
              "goog-terraform-provisioned": "true"
            },
            "expire_time": "",
            "id": "projects/proj-tldv-knowledge/secrets/tldv_api_key",
            "labels": {},
            "name": "projects/280779752490/secrets/tldv_api_key",
            "project": "proj-tldv-knowledge",
            "replication": [
              {
                "auto": [
                  {
                    "customer_managed_encryption": []
                  }
                ],
                "user_managed": []
              }
            ],
            "rotation": [],
            "secret_id": "tldv_api_key",
            "terraform_labels": {
              "goog-terraform-provisioned": "true"
            },
            "timeouts": null,
            "topics": [],
            "ttl": null,
            "version_aliases": {},
            "version_destroy_ttl": ""
          },
          "sensitive_attributes": [],
          "identity_schema_version": 0,
          "private": "eyJlMmJmYjczMC1lY2FhLTExZTYtOGY4OC0zNDM2M2JjN2M0YzAiOnsiY3JlYXRlIjoxMjAwMDAwMDAwMDAwLCJkZWxldGUiOjEyMDAwMDAwMDAwMDAsInVwZGF0ZSI6MTIwMDAwMDAwMDAwMH19"
        }
      ]
    },
    {
      "mode": "managed",
      "type": "google_service_account",
      "name": "functions_sa",
      "provider": "provider[\"registry.terraform.io/hashicorp/google\"]",
      "instances": [
        {
          "schema_version": 0,
          "attributes": {
            "account_id": "sa-tldv-functions",
            "create_ignore_already_exists": null,
            "description": "",
            "disabled": false,
            "display_name": "Service Account for Cloud Functions",
            "email": "sa-tldv-functions@proj-tldv-knowledge.iam.gserviceaccount.com",
            "id": "projects/proj-tldv-knowledge/serviceAccounts/sa-tldv-functions@proj-tldv-knowledge.iam.gserviceaccount.com",
            "member": "serviceAccount:sa-tldv-functions@proj-tldv-knowledge.iam.gserviceaccount.com",
            "name": "projects/proj-tldv-knowledge/serviceAccounts/sa-tldv-functions@proj-tldv-knowledge.iam.gserviceaccount.com",
            "project": "proj-tldv-knowledge",
            "timeouts": null,
            "unique_id": "110994470834447779222"
          },
          "sensitive_attributes": [],
          "identity_schema_version": 0,
          "private": "eyJlMmJmYjczMC1lY2FhLTExZTYtOGY4OC0zNDM2M2JjN2M0YzAiOnsiY3JlYXRlIjozMDAwMDAwMDAwMDB9fQ=="
        }
      ]
    },
    {
      "mode": "managed",
      "type": "google_storage_bucket",
      "name": "source_bucket",
      "provider": "provider[\"registry.terraform.io/hashicorp/google\"]",
      "instances": [
        {
          "schema_version": 3,
          "attributes": {
            "autoclass": [],
            "cors": [],
            "custom_placement_config": [],
            "default_event_based_hold": false,
            "effective_labels": {
              "goog-terraform-provisioned": "true"
            },
            "enable_object_retention": false,
            "encryption": [],
            "force_destroy": false,
            "hierarchical_namespace": [
              {
                "enabled": false
              }
            ],
            "id": "source-bucket-for-fetcher",
            "ip_filter": [],
            "labels": {},
            "lifecycle_rule": [],
            "location": "ASIA-NORTHEAST1",
            "logging": [],
            "name": "source-bucket-for-fetcher",
            "project": "proj-tldv-knowledge",
            "project_number": 280779752490,
            "public_access_prevention": "inherited",
            "requester_pays": false,
            "retention_policy": [],
            "rpo": null,
            "self_link": "https://www.googleapis.com/storage/v1/b/source-bucket-for-fetcher",
            "soft_delete_policy": [
              {
                "effective_time": "2025-07-25T04:25:59.826Z",
                "retention_duration_seconds": 604800
              }
            ],
            "storage_class": "STANDARD",
            "terraform_labels": {
              "goog-terraform-provisioned": "true"
            },
            "time_created": "2025-07-25T04:25:59.826Z",
            "timeouts": null,
            "uniform_bucket_level_access": false,
            "updated": "2025-07-25T04:25:59.826Z",
            "url": "gs://source-bucket-for-fetcher",
            "versioning": [],
            "website": []
          },
          "sensitive_attributes": [],
          "identity_schema_version": 0,
          "private": "eyJlMmJmYjczMC1lY2FhLTExZTYtOGY4OC0zNDM2M2JjN2M0YzAiOnsiY3JlYXRlIjo2MDAwMDAwMDAwMDAsInJlYWQiOjI0MDAwMDAwMDAwMCwidXBkYXRlIjoyNDAwMDAwMDAwMDB9LCJzY2hlbWFfdmVyc2lvbiI6IjMifQ=="
        }
      ]
    },
    {
      "mode": "managed",
      "type": "google_storage_bucket_object",
      "name": "source_archive",
      "provider": "provider[\"registry.terraform.io/hashicorp/google\"]",
      "instances": [
        {
          "schema_version": 0,
          "attributes": {
            "bucket": "source-bucket-for-fetcher",
            "cache_control": "",
            "content": null,
            "content_disposition": "",
            "content_encoding": "",
            "content_language": "",
            "content_type": "application/zip",
            "crc32c": "A0ewQg==",
            "customer_encryption": [],
            "detect_md5hash": "5I/AqhwRCOfgvXFdjsKLBg==",
            "event_based_hold": false,
            "generation": 1753423587467312,
            "id": "source-bucket-for-fetcher-fetcher.zip",
            "kms_key_name": "",
            "md5hash": "5I/AqhwRCOfgvXFdjsKLBg==",
            "md5hexhash": "e48fc0aa1c1108e7e0bd715d8ec28b06",
            "media_link": "https://storage.googleapis.com/download/storage/v1/b/source-bucket-for-fetcher/o/fetcher.zip?generation=1753423587467312\u0026alt=media",
            "metadata": {},
            "name": "fetcher.zip",
            "output_name": "fetcher.zip",
            "retention": [],
            "self_link": "https://www.googleapis.com/storage/v1/b/source-bucket-for-fetcher/o/fetcher.zip",
            "source": "/tmp/fetcher.zip",
            "source_md5hash": "",
            "storage_class": "STANDARD",
            "temporary_hold": false,
            "timeouts": null
          },
          "sensitive_attributes": [
            [
              {
                "type": "get_attr",
                "value": "content"
              }
            ]
          ],
          "identity_schema_version": 0,
          "private": "eyJlMmJmYjczMC1lY2FhLTExZTYtOGY4OC0zNDM2M2JjN2M0YzAiOnsiY3JlYXRlIjoyNDAwMDAwMDAwMDAsImRlbGV0ZSI6MjQwMDAwMDAwMDAwLCJ1cGRhdGUiOjI0MDAwMDAwMDAwMH19",
          "dependencies": [
            "data.archive_file.source_archive",
            "google_storage_bucket.source_bucket"
          ]
        }
      ]
    }
  ],
  "check_results": null
}
